
Microsoft Visual Studio Solution File, Format Version 12.00
# Visual Studio Version 16
VisualStudioVersion = 16.0.31515.178
MinimumVisualStudioVersion = 10.0.40219.1
Project("{FAE04EC0-301F-11D3-BF4B-00C04F79EFBC}") = "PesoVsKilo", "PesoVsKilo\PesoVsKilo.csproj", "{35AA1832-1BDD-4137-A33D-00A9D812717A}"
EndProject
Global
	GlobalSection(SolutionConfigurationPlatforms) = preSolution
		Debug|Any CPU = Debug|Any CPU
		Release|Any CPU = Release|Any CPU
	EndGlobalSection
	GlobalSection(ProjectConfigurationPlatforms) = postSolution
		{35AA1832-1BDD-4137-A33D-00A9D812717A}.Debug|Any CPU.ActiveCfg = Debug|Any CPU
		{35AA1832-1BDD-4137-A33D-00A9D812717A}.Debug|Any CPU.Build.0 = Debug|Any CPU
		{35AA1832-1BDD-4137-A33D-00A9D812717A}.Release|Any CPU.ActiveCfg = Release|Any CPU
		{35AA1832-1BDD-4137-A33D-00A9D812717A}.Release|Any CPU.Build.0 = Release|Any CPU
	EndGlobalSection
	GlobalSection(SolutionProperties) = preSolution
		HideSolutionNode = FALSE
	EndGlobalSection
	GlobalSection(ExtensibilityGlobals) = postSolution
		SolutionGuid = {DE5E3E01-A7E0-4507-94CE-9C1C35706766}
	EndGlobalSection
EndGlobal
